
Microsoft Visual Studio Solution File, Format Version 12.00
# Visual Studio Version 17
VisualStudioVersion = 17.2.32616.157
MinimumVisualStudioVersion = 10.0.40219.1
Project("{FAE04EC0-301F-11D3-BF4B-00C04F79EFBC}") = "SpotiSync", "SpotiSync\SpotiSync.csproj", "{AE8A8251-E4C4-49C4-9567-C9173F51481B}"
EndProject
Global
	GlobalSection(SolutionConfigurationPlatforms) = preSolution
		Debug|Any CPU = Debug|Any CPU
		Release|Any CPU = Release|Any CPU
	EndGlobalSection
	GlobalSection(ProjectConfigurationPlatforms) = postSolution
		{AE8A8251-E4C4-49C4-9567-C9173F51481B}.Debug|Any CPU.ActiveCfg = Debug|Any CPU
		{AE8A8251-E4C4-49C4-9567-C9173F51481B}.Debug|Any CPU.Build.0 = Debug|Any CPU
		{AE8A8251-E4C4-49C4-9567-C9173F51481B}.Release|Any CPU.ActiveCfg = Release|Any CPU
		{AE8A8251-E4C4-49C4-9567-C9173F51481B}.Release|Any CPU.Build.0 = Release|Any CPU
	EndGlobalSection
	GlobalSection(SolutionProperties) = preSolution
		HideSolutionNode = FALSE
	EndGlobalSection
	GlobalSection(ExtensibilityGlobals) = postSolution
		SolutionGuid = {D9E81FD1-8FB4-4158-BFC1-00BD8B5E268C}
	EndGlobalSection
EndGlobal
